
Microsoft Visual Studio Solution File, Format Version 12.00
# Visual Studio Version 17
VisualStudioVersion = 17.0.31612.314
MinimumVisualStudioVersion = 10.0.40219.1
Project("{FAE04EC0-301F-11D3-BF4B-00C04F79EFBC}") = "Csharp10Samples", "Csharp10Samples\Csharp10Samples.csproj", "{2DE5556A-9927-4BC9-A3E5-87B594AC5F1C}"
EndProject
Global
	GlobalSection(SolutionConfigurationPlatforms) = preSolution
		Debug|Any CPU = Debug|Any CPU
		Release|Any CPU = Release|Any CPU
	EndGlobalSection
	GlobalSection(ProjectConfigurationPlatforms) = postSolution
		{2DE5556A-9927-4BC9-A3E5-87B594AC5F1C}.Debug|Any CPU.ActiveCfg = Debug|Any CPU
		{2DE5556A-9927-4BC9-A3E5-87B594AC5F1C}.Debug|Any CPU.Build.0 = Debug|Any CPU
		{2DE5556A-9927-4BC9-A3E5-87B594AC5F1C}.Release|Any CPU.ActiveCfg = Release|Any CPU
		{2DE5556A-9927-4BC9-A3E5-87B594AC5F1C}.Release|Any CPU.Build.0 = Release|Any CPU
	EndGlobalSection
	GlobalSection(SolutionProperties) = preSolution
		HideSolutionNode = FALSE
	EndGlobalSection
	GlobalSection(ExtensibilityGlobals) = postSolution
		SolutionGuid = {A6379D1D-D889-4477-9C33-5B09EF12D502}
	EndGlobalSection
EndGlobal
